
Microsoft Visual Studio Solution File, Format Version 12.00
# Visual Studio Version 17
VisualStudioVersion = 17.0.31903.59
MinimumVisualStudioVersion = 10.0.40219.1
Project("{2150E333-8FDC-42A3-9474-1A3956D46DE8}") = "src", "src", "{02EA681E-C7D8-13C7-8484-4AC65E1B71E8}"
EndProject
Project("{2150E333-8FDC-42A3-9474-1A3956D46DE8}") = "sample", "sample", "{0B23ED5B-81E7-4C8F-9897-7595F9D43098}"
EndProject
Project("{FAE04EC0-301F-11D3-BF4B-00C04F79EFBC}") = "Prostoquasha.PersistentTasks.Core", "src\Prostoquasha.PersistentTasks.Core\Prostoquasha.PersistentTasks.Core.csproj", "{8193782C-8DEF-416E-BB14-3743570C0380}"
EndProject
Project("{FAE04EC0-301F-11D3-BF4B-00C04F79EFBC}") = "Prostoquasha.PersistentTasks.Sample", "sample\Prostoquasha.PersistentTasks.Sample\Prostoquasha.PersistentTasks.Sample.csproj", "{AEC3F927-3F1C-44FC-ABFA-0A20B607E041}"
EndProject
Global
	GlobalSection(SolutionConfigurationPlatforms) = preSolution
		Debug|Any CPU = Debug|Any CPU
		Release|Any CPU = Release|Any CPU
	EndGlobalSection
	GlobalSection(ProjectConfigurationPlatforms) = postSolution
		{8193782C-8DEF-416E-BB14-3743570C0380}.Debug|Any CPU.ActiveCfg = Debug|Any CPU
		{8193782C-8DEF-416E-BB14-3743570C0380}.Debug|Any CPU.Build.0 = Debug|Any CPU
		{8193782C-8DEF-416E-BB14-3743570C0380}.Release|Any CPU.ActiveCfg = Release|Any CPU
		{8193782C-8DEF-416E-BB14-3743570C0380}.Release|Any CPU.Build.0 = Release|Any CPU
		{AEC3F927-3F1C-44FC-ABFA-0A20B607E041}.Debug|Any CPU.ActiveCfg = Debug|Any CPU
		{AEC3F927-3F1C-44FC-ABFA-0A20B607E041}.Debug|Any CPU.Build.0 = Debug|Any CPU
		{AEC3F927-3F1C-44FC-ABFA-0A20B607E041}.Release|Any CPU.ActiveCfg = Release|Any CPU
		{AEC3F927-3F1C-44FC-ABFA-0A20B607E041}.Release|Any CPU.Build.0 = Release|Any CPU
	EndGlobalSection
	GlobalSection(SolutionProperties) = preSolution
		HideSolutionNode = FALSE
	EndGlobalSection
	GlobalSection(NestedProjects) = preSolution
		{8193782C-8DEF-416E-BB14-3743570C0380} = {02EA681E-C7D8-13C7-8484-4AC65E1B71E8}
		{AEC3F927-3F1C-44FC-ABFA-0A20B607E041} = {0B23ED5B-81E7-4C8F-9897-7595F9D43098}
	EndGlobalSection
EndGlobal
